PODS:
  - MJExtension (3.0.10)
  - ReactiveCocoa (2.5):
    - ReactiveCocoa/UI (= 2.5)
  - ReactiveCocoa/Core (2.5):
    - ReactiveCocoa/no-arc
  - ReactiveCocoa/no-arc (2.5)
  - ReactiveCocoa/UI (2.5):
    - ReactiveCocoa/Core
  - UITableView+FDTemplateLayoutCell (1.4)

DEPENDENCIES:
  - MJExtension
  - ReactiveCocoa (~> 2.5)
  - UITableView+FDTemplateLayoutCell

SPEC CHECKSUMS:
  MJExtension: d86aacb740c87519d20e3cca55b6fa4be6cc7548
  ReactiveCocoa: e2db045570aa97c695e7aa97c2bcab222ae51f4a
  UITableView+FDTemplateLayoutCell: 234e1582bcc4e18461af91155123bb96538ed030

COCOAPODS: 0.39.0
