// !$*UTF8*$!
{
	archiveVersion = 1;
	classes = {
	};
	objectVersion = 46;
	objects = {

/* Begin PBXBuildFile section */
		43808ADC49B310BB91D204A9 /* libPods.a in Frameworks */ = {isa = PBXBuildFile; fileRef = E054F27BEB6FF06CBFD14328 /* libPods.a */; };
		AE537CEA1CD3510200C8A585 /* HDBaseCell.m in Sources */ = {isa = PBXBuildFile; fileRef = AE537CE11CD3510200C8A585 /* HDBaseCell.m */; };
		AE537CEB1CD3510200C8A585 /* HDBaseModel.m in Sources */ = {isa = PBXBuildFile; fileRef = AE537CE31CD3510200C8A585 /* HDBaseModel.m */; };
		AE537CEC1CD3510200C8A585 /* HDBaseNVC.m in Sources */ = {isa = PBXBuildFile; fileRef = AE537CE51CD3510200C8A585 /* HDBaseNVC.m */; };
		AE537CED1CD3510200C8A585 /* HDBaseVC.m in Sources */ = {isa = PBXBuildFile; fileRef = AE537CE71CD3510200C8A585 /* HDBaseVC.m */; };
		AE537CEE1CD3510200C8A585 /* HDBaseViewModel.m in Sources */ = {isa = PBXBuildFile; fileRef = AE537CE91CD3510200C8A585 /* HDBaseViewModel.m */; };
		AE537CF41CD362F100C8A585 /* UIView+HD.m in Sources */ = {isa = PBXBuildFile; fileRef = AE537CF31CD362F100C8A585 /* UIView+HD.m */; };
		AEFBF9D81C5220BD003D55B2 /* main.m in Sources */ = {isa = PBXBuildFile; fileRef = AEFBF9D71C5220BD003D55B2 /* main.m */; };
		AEFBF9DB1C5220BD003D55B2 /* AppDelegate.m in Sources */ = {isa = PBXBuildFile; fileRef = AEFBF9DA1C5220BD003D55B2 /* AppDelegate.m */; };
		AEFBF9E31C5220BD003D55B2 /* Assets.xcassets in Resources */ = {isa = PBXBuildFile; fileRef = AEFBF9E21C5220BD003D55B2 /* Assets.xcassets */; };
		AEFD8C881CD844A600AEFB4A /* HDNavigation.m in Sources */ = {isa = PBXBuildFile; fileRef = AEFD8C871CD844A600AEFB4A /* HDNavigation.m */; };
		AEFD8C8D1CD881AD00AEFB4A /* UITableView+HD.m in Sources */ = {isa = PBXBuildFile; fileRef = AEFD8C8A1CD881AD00AEFB4A /* UITableView+HD.m */; };
		AEFD8C8E1CD881AD00AEFB4A /* UITableViewCell+HD.m in Sources */ = {isa = PBXBuildFile; fileRef = AEFD8C8C1CD881AD00AEFB4A /* UITableViewCell+HD.m */; };
		AEFD8C921CD8893400AEFB4A /* HDNetWork.m in Sources */ = {isa = PBXBuildFile; fileRef = AEFD8C911CD8893400AEFB4A /* HDNetWork.m */; };
/* End PBXBuildFile section */

/* Begin PBXFileReference section */
		115AA58BFF6F1FF2E1BE297A /* Pods.debug.xcconfig */ = {isa = PBXFileReference; includeInIndex = 1; lastKnownFileType = text.xcconfig; name = Pods.debug.xcconfig; path = "Pods/Target Support Files/Pods/Pods.debug.xcconfig"; sourceTree = "<group>"; };
		A0A4682EC964CAE6CCE45CBA /* Pods.release.xcconfig */ = {isa = PBXFileReference; includeInIndex = 1; lastKnownFileType = text.xcconfig; name = Pods.release.xcconfig; path = "Pods/Target Support Files/Pods/Pods.release.xcconfig"; sourceTree = "<group>"; };
		AE537CE01CD3510200C8A585 /* HDBaseCell.h */ = {isa = PBXFileReference; fileEncoding = 4; lastKnownFileType = sourcecode.c.h; path = HDBaseCell.h; sourceTree = "<group>"; };
		AE537CE11CD3510200C8A585 /* HDBaseCell.m */ = {isa = PBXFileReference; fileEncoding = 4; lastKnownFileType = sourcecode.c.objc; path = HDBaseCell.m; sourceTree = "<group>"; };
		AE537CE21CD3510200C8A585 /* HDBaseModel.h */ = {isa = PBXFileReference; fileEncoding = 4; lastKnownFileType = sourcecode.c.h; path = HDBaseModel.h; sourceTree = "<group>"; };
		AE537CE31CD3510200C8A585 /* HDBaseModel.m */ = {isa = PBXFileReference; fileEncoding = 4; lastKnownFileType = sourcecode.c.objc; path = HDBaseModel.m; sourceTree = "<group>"; };
		AE537CE41CD3510200C8A585 /* HDBaseNVC.h */ = {isa = PBXFileReference; fileEncoding = 4; lastKnownFileType = sourcecode.c.h; path = HDBaseNVC.h; sourceTree = "<group>"; };
		AE537CE51CD3510200C8A585 /* HDBaseNVC.m */ = {isa = PBXFileReference; fileEncoding = 4; lastKnownFileType = sourcecode.c.objc; path = HDBaseNVC.m; sourceTree = "<group>"; };
		AE537CE61CD3510200C8A585 /* HDBaseVC.h */ = {isa = PBXFileReference; fileEncoding = 4; lastKnownFileType = sourcecode.c.h; path = HDBaseVC.h; sourceTree = "<group>"; };
		AE537CE71CD3510200C8A585 /* HDBaseVC.m */ = {isa = PBXFileReference; fileEncoding = 4; lastKnownFileType = sourcecode.c.objc; path = HDBaseVC.m; sourceTree = "<group>"; };
		AE537CE81CD3510200C8A585 /* HDBaseViewModel.h */ = {isa = PBXFileReference; fileEncoding = 4; lastKnownFileType = sourcecode.c.h; path = HDBaseViewModel.h; sourceTree = "<group>"; };
		AE537CE91CD3510200C8A585 /* HDBaseViewModel.m */ = {isa = PBXFileReference; fileEncoding = 4; lastKnownFileType = sourcecode.c.objc; path = HDBaseViewModel.m; sourceTree = "<group>"; };
		AE537CEF1CD352BA00C8A585 /* HDCommonHeader.h */ = {isa = PBXFileReference; fileEncoding = 4; lastKnownFileType = sourcecode.c.h; path = HDCommonHeader.h; sourceTree = "<group>"; };
		AE537CF21CD362F100C8A585 /* UIView+HD.h */ = {isa = PBXFileReference; fileEncoding = 4; lastKnownFileType = sourcecode.c.h; path = "UIView+HD.h"; sourceTree = "<group>"; };
		AE537CF31CD362F100C8A585 /* UIView+HD.m */ = {isa = PBXFileReference; fileEncoding = 4; lastKnownFileType = sourcecode.c.objc; path = "UIView+HD.m"; sourceTree = "<group>"; };
		AE537CF51CD3667100C8A585 /* HDTHEMEConfig.h */ = {isa = PBXFileReference; fileEncoding = 4; lastKnownFileType = sourcecode.c.h; path = HDTHEMEConfig.h; sourceTree = "<group>"; };
		AEFBF9D31C5220BD003D55B2 /* MMTB.app */ = {isa = PBXFileReference; explicitFileType = wrapper.application; includeInIndex = 0; path = MMTB.app; sourceTree = BUILT_PRODUCTS_DIR; };
		AEFBF9D71C5220BD003D55B2 /* main.m */ = {isa = PBXFileReference; lastKnownFileType = sourcecode.c.objc; path = main.m; sourceTree = "<group>"; };
		AEFBF9D91C5220BD003D55B2 /* AppDelegate.h */ = {isa = PBXFileReference; lastKnownFileType = sourcecode.c.h; path = AppDelegate.h; sourceTree = "<group>"; };
		AEFBF9DA1C5220BD003D55B2 /* AppDelegate.m */ = {isa = PBXFileReference; lastKnownFileType = sourcecode.c.objc; path = AppDelegate.m; sourceTree = "<group>"; };
		AEFBF9E21C5220BD003D55B2 /* Assets.xcassets */ = {isa = PBXFileReference; lastKnownFileType = folder.assetcatalog; path = Assets.xcassets; sourceTree = "<group>"; };
		AEFBF9E71C5220BD003D55B2 /* Info.plist */ = {isa = PBXFileReference; lastKnownFileType = text.plist.xml; path = Info.plist; sourceTree = "<group>"; };
		AEFD8C861CD844A600AEFB4A /* HDNavigation.h */ = {isa = PBXFileReference; fileEncoding = 4; lastKnownFileType = sourcecode.c.h; path = HDNavigation.h; sourceTree = "<group>"; };
		AEFD8C871CD844A600AEFB4A /* HDNavigation.m */ = {isa = PBXFileReference; fileEncoding = 4; lastKnownFileType = sourcecode.c.objc; path = HDNavigation.m; sourceTree = "<group>"; };
		AEFD8C891CD881AD00AEFB4A /* UITableView+HD.h */ = {isa = PBXFileReference; fileEncoding = 4; lastKnownFileType = sourcecode.c.h; path = "UITableView+HD.h"; sourceTree = "<group>"; };
		AEFD8C8A1CD881AD00AEFB4A /* UITableView+HD.m */ = {isa = PBXFileReference; fileEncoding = 4; lastKnownFileType = sourcecode.c.objc; path = "UITableView+HD.m"; sourceTree = "<group>"; };
		AEFD8C8B1CD881AD00AEFB4A /* UITableViewCell+HD.h */ = {isa = PBXFileReference; fileEncoding = 4; lastKnownFileType = sourcecode.c.h; path = "UITableViewCell+HD.h"; sourceTree = "<group>"; };
		AEFD8C8C1CD881AD00AEFB4A /* UITableViewCell+HD.m */ = {isa = PBXFileReference; fileEncoding = 4; lastKnownFileType = sourcecode.c.objc; path = "UITableViewCell+HD.m"; sourceTree = "<group>"; };
		AEFD8C901CD8893400AEFB4A /* HDNetWork.h */ = {isa = PBXFileReference; fileEncoding = 4; lastKnownFileType = sourcecode.c.h; path = HDNetWork.h; sourceTree = "<group>"; };
		AEFD8C911CD8893400AEFB4A /* HDNetWork.m */ = {isa = PBXFileReference; fileEncoding = 4; lastKnownFileType = sourcecode.c.objc; path = HDNetWork.m; sourceTree = "<group>"; };
		E054F27BEB6FF06CBFD14328 /* libPods.a */ = {isa = PBXFileReference; explicitFileType = archive.ar; includeInIndex = 0; path = libPods.a; sourceTree = BUILT_PRODUCTS_DIR; };
/* End PBXFileReference section */

/* Begin PBXFrameworksBuildPhase section */
		AEFBF9D01C5220BD003D55B2 /* Frameworks */ = {
			isa = PBXFrameworksBuildPhase;
			buildActionMask = 2147483647;
			files = (
				43808ADC49B310BB91D204A9 /* libPods.a in Frameworks */,
			);
			runOnlyForDeploymentPostprocessing = 0;
		};
/* End PBXFrameworksBuildPhase section */

/* Begin PBXGroup section */
		2FFBDCE89F72570EA49E654B /* Pods */ = {
			isa = PBXGroup;
			children = (
				115AA58BFF6F1FF2E1BE297A /* Pods.debug.xcconfig */,
				A0A4682EC964CAE6CCE45CBA /* Pods.release.xcconfig */,
			);
			name = Pods;
			sourceTree = "<group>";
		};
		40CF44E234F1A3421C964DD4 /* Frameworks */ = {
			isa = PBXGroup;
			children = (
				E054F27BEB6FF06CBFD14328 /* libPods.a */,
			);
			name = Frameworks;
			sourceTree = "<group>";
		};
		AE537CDF1CD3510200C8A585 /* HDBase */ = {
			isa = PBXGroup;
			children = (
				AE537CE01CD3510200C8A585 /* HDBaseCell.h */,
				AE537CE11CD3510200C8A585 /* HDBaseCell.m */,
				AE537CE21CD3510200C8A585 /* HDBaseModel.h */,
				AE537CE31CD3510200C8A585 /* HDBaseModel.m */,
				AE537CE41CD3510200C8A585 /* HDBaseNVC.h */,
				AE537CE51CD3510200C8A585 /* HDBaseNVC.m */,
				AE537CE61CD3510200C8A585 /* HDBaseVC.h */,
				AE537CE71CD3510200C8A585 /* HDBaseVC.m */,
				AE537CE81CD3510200C8A585 /* HDBaseViewModel.h */,
				AE537CE91CD3510200C8A585 /* HDBaseViewModel.m */,
			);
			path = HDBase;
			sourceTree = "<group>";
		};
		AE537CF01CD3629F00C8A585 /* HDUtil */ = {
			isa = PBXGroup;
			children = (
				AEFD8C8F1CD8837900AEFB4A /* HDNetWork */,
				AEFD8C851CD843F600AEFB4A /* HDNavigation */,
				AE537CF11CD362D400C8A585 /* HDCategory */,
			);
			path = HDUtil;
			sourceTree = "<group>";
		};
		AE537CF11CD362D400C8A585 /* HDCategory */ = {
			isa = PBXGroup;
			children = (
				AEFD8C891CD881AD00AEFB4A /* UITableView+HD.h */,
				AEFD8C8A1CD881AD00AEFB4A /* UITableView+HD.m */,
				AEFD8C8B1CD881AD00AEFB4A /* UITableViewCell+HD.h */,
				AEFD8C8C1CD881AD00AEFB4A /* UITableViewCell+HD.m */,
				AE537CF21CD362F100C8A585 /* UIView+HD.h */,
				AE537CF31CD362F100C8A585 /* UIView+HD.m */,
			);
			path = HDCategory;
			sourceTree = "<group>";
		};
		AEFBF9CA1C5220BD003D55B2 = {
			isa = PBXGroup;
			children = (
				AEFBF9D51C5220BD003D55B2 /* MMTB */,
				AEFBF9D41C5220BD003D55B2 /* Products */,
				2FFBDCE89F72570EA49E654B /* Pods */,
				40CF44E234F1A3421C964DD4 /* Frameworks */,
			);
			sourceTree = "<group>";
		};
		AEFBF9D41C5220BD003D55B2 /* Products */ = {
			isa = PBXGroup;
			children = (
				AEFBF9D31C5220BD003D55B2 /* MMTB.app */,
			);
			name = Products;
			sourceTree = "<group>";
		};
		AEFBF9D51C5220BD003D55B2 /* MMTB */ = {
			isa = PBXGroup;
			children = (
				AE537CF01CD3629F00C8A585 /* HDUtil */,
				AE537CDF1CD3510200C8A585 /* HDBase */,
				AEFBF9D91C5220BD003D55B2 /* AppDelegate.h */,
				AEFBF9DA1C5220BD003D55B2 /* AppDelegate.m */,
				AE537CEF1CD352BA00C8A585 /* HDCommonHeader.h */,
				AE537CF51CD3667100C8A585 /* HDTHEMEConfig.h */,
				AEFBF9E21C5220BD003D55B2 /* Assets.xcassets */,
				AEFBF9E71C5220BD003D55B2 /* Info.plist */,
				AEFBF9D61C5220BD003D55B2 /* Supporting Files */,
			);
			path = MMTB;
			sourceTree = "<group>";
		};
		AEFBF9D61C5220BD003D55B2 /* Supporting Files */ = {
			isa = PBXGroup;
			children = (
				AEFBF9D71C5220BD003D55B2 /* main.m */,
			);
			name = "Supporting Files";
			sourceTree = "<group>";
		};
		AEFD8C851CD843F600AEFB4A /* HDNavigation */ = {
			isa = PBXGroup;
			children = (
				AEFD8C861CD844A600AEFB4A /* HDNavigation.h */,
				AEFD8C871CD844A600AEFB4A /* HDNavigation.m */,
			);
			path = HDNavigation;
			sourceTree = "<group>";
		};
		AEFD8C8F1CD8837900AEFB4A /* HDNetWork */ = {
			isa = PBXGroup;
			children = (
				AEFD8C901CD8893400AEFB4A /* HDNetWork.h */,
				AEFD8C911CD8893400AEFB4A /* HDNetWork.m */,
			);
			path = HDNetWork;
			sourceTree = "<group>";
		};
/* End PBXGroup section */

/* Begin PBXNativeTarget section */
		AEFBF9D21C5220BD003D55B2 /* MMTB */ = {
			isa = PBXNativeTarget;
			buildConfigurationList = AEFBF9EA1C5220BD003D55B2 /* Build configuration list for PBXNativeTarget "MMTB" */;
			buildPhases = (
				C5942A1CE2218AE4D36F9F3B /* Check Pods Manifest.lock */,
				AEFBF9CF1C5220BD003D55B2 /* Sources */,
				AEFBF9D01C5220BD003D55B2 /* Frameworks */,
				AEFBF9D11C5220BD003D55B2 /* Resources */,
				34921FE07E12546C18F749C3 /* Embed Pods Frameworks */,
				C535EDF862A4322F785D7799 /* Copy Pods Resources */,
			);
			buildRules = (
			);
			dependencies = (
			);
			name = MMTB;
			productName = MMTB;
			productReference = AEFBF9D31C5220BD003D55B2 /* MMTB.app */;
			productType = "com.apple.product-type.application";
		};
/* End PBXNativeTarget section */

/* Begin PBXProject section */
		AEFBF9CB1C5220BD003D55B2 /* Project object */ = {
			isa = PBXProject;
			attributes = {
				LastUpgradeCheck = 0720;
				ORGANIZATIONNAME = abnerh;
				TargetAttributes = {
					AEFBF9D21C5220BD003D55B2 = {
						CreatedOnToolsVersion = 7.2;
					};
				};
			};
			buildConfigurationList = AEFBF9CE1C5220BD003D55B2 /* Build configuration list for PBXProject "MMTB" */;
			compatibilityVersion = "Xcode 3.2";
			developmentRegion = English;
			hasScannedForEncodings = 0;
			knownRegions = (
				en,
				Base,
			);
			mainGroup = AEFBF9CA1C5220BD003D55B2;
			productRefGroup = AEFBF9D41C5220BD003D55B2 /* Products */;
			projectDirPath = "";
			projectRoot = "";
			targets = (
				AEFBF9D21C5220BD003D55B2 /* MMTB */,
			);
		};
/* End PBXProject section */

/* Begin PBXResourcesBuildPhase section */
		AEFBF9D11C5220BD003D55B2 /* Resources */ = {
			isa = PBXResourcesBuildPhase;
			buildActionMask = 2147483647;
			files = (
				AEFBF9E31C5220BD003D55B2 /* Assets.xcassets in Resources */,
			);
			runOnlyForDeploymentPostprocessing = 0;
		};
/* End PBXResourcesBuildPhase section */

/* Begin PBXShellScriptBuildPhase section */
		34921FE07E12546C18F749C3 /* Embed Pods Frameworks */ = {
			isa = PBXShellScriptBuildPhase;
			buildActionMask = 2147483647;
			files = (
			);
			inputPaths = (
			);
			name = "Embed Pods Frameworks";
			outputPaths = (
			);
			runOnlyForDeploymentPostprocessing = 0;
			shellPath = /bin/sh;
			shellScript = "\"${SRCROOT}/Pods/Target Support Files/Pods/Pods-frameworks.sh\"\n";
			showEnvVarsInLog = 0;
		};
		C535EDF862A4322F785D7799 /* Copy Pods Resources */ = {
			isa = PBXShellScriptBuildPhase;
			buildActionMask = 2147483647;
			files = (
			);
			inputPaths = (
			);
			name = "Copy Pods Resources";
			outputPaths = (
			);
			runOnlyForDeploymentPostprocessing = 0;
			shellPath = /bin/sh;
			shellScript = "\"${SRCROOT}/Pods/Target Support Files/Pods/Pods-resources.sh\"\n";
			showEnvVarsInLog = 0;
		};
		C5942A1CE2218AE4D36F9F3B /* Check Pods Manifest.lock */ = {
			isa = PBXShellScriptBuildPhase;
			buildActionMask = 2147483647;
			files = (
			);
			inputPaths = (
			);
			name = "Check Pods Manifest.lock";
			outputPaths = (
			);
			runOnlyForDeploymentPostprocessing = 0;
			shellPath = /bin/sh;
			shellScript = "diff \"${PODS_ROOT}/../Podfile.lock\" \"${PODS_ROOT}/Manifest.lock\" > /dev/null\nif [[ $? != 0 ]] ; then\n    cat << EOM\nerror: The sandbox is not in sync with the Podfile.lock. Run 'pod install' or update your CocoaPods installation.\nEOM\n    exit 1\nfi\n";
			showEnvVarsInLog = 0;
		};
/* End PBXShellScriptBuildPhase section */

/* Begin PBXSourcesBuildPhase section */
		AEFBF9CF1C5220BD003D55B2 /* Sources */ = {
			isa = PBXSourcesBuildPhase;
			buildActionMask = 2147483647;
			files = (
				AEFD8C8E1CD881AD00AEFB4A /* UITableViewCell+HD.m in Sources */,
				AE537CEB1CD3510200C8A585 /* HDBaseModel.m in Sources */,
				AE537CEE1CD3510200C8A585 /* HDBaseViewModel.m in Sources */,
				AE537CEC1CD3510200C8A585 /* HDBaseNVC.m in Sources */,
				AEFD8C921CD8893400AEFB4A /* HDNetWork.m in Sources */,
				AEFD8C8D1CD881AD00AEFB4A /* UITableView+HD.m in Sources */,
				AEFBF9DB1C5220BD003D55B2 /* AppDelegate.m in Sources */,
				AEFBF9D81C5220BD003D55B2 /* main.m in Sources */,
				AE537CEA1CD3510200C8A585 /* HDBaseCell.m in Sources */,
				AE537CF41CD362F100C8A585 /* UIView+HD.m in Sources */,
				AEFD8C881CD844A600AEFB4A /* HDNavigation.m in Sources */,
				AE537CED1CD3510200C8A585 /* HDBaseVC.m in Sources */,
			);
			runOnlyForDeploymentPostprocessing = 0;
		};
/* End PBXSourcesBuildPhase section */

/* Begin XCBuildConfiguration section */
		AEFBF9E81C5220BD003D55B2 /* Debug */ = {
			isa = XCBuildConfiguration;
			buildSettings = {
				ALWAYS_SEARCH_USER_PATHS = NO;
				CLANG_CXX_LANGUAGE_STANDARD = "gnu++0x";
				CLANG_CXX_LIBRARY = "libc++";
				CLANG_ENABLE_MODULES = YES;
				CLANG_ENABLE_OBJC_ARC = YES;
				CLANG_WARN_BOOL_CONVERSION = YES;
				CLANG_WARN_CONSTANT_CONVERSION = YES;
				CLANG_WARN_DIRECT_OBJC_ISA_USAGE = YES_ERROR;
				CLANG_WARN_EMPTY_BODY = YES;
				CLANG_WARN_ENUM_CONVERSION = YES;
				CLANG_WARN_INT_CONVERSION = YES;
				CLANG_WARN_OBJC_ROOT_CLASS = YES_ERROR;
				CLANG_WARN_UNREACHABLE_CODE = YES;
				CLANG_WARN__DUPLICATE_METHOD_MATCH = YES;
				"CODE_SIGN_IDENTITY[sdk=iphoneos*]" = "iPhone Developer";
				COPY_PHASE_STRIP = NO;
				DEBUG_INFORMATION_FORMAT = dwarf;
				ENABLE_STRICT_OBJC_MSGSEND = YES;
				ENABLE_TESTABILITY = YES;
				GCC_C_LANGUAGE_STANDARD = gnu99;
				GCC_DYNAMIC_NO_PIC = NO;
				GCC_NO_COMMON_BLOCKS = YES;
				GCC_OPTIMIZATION_LEVEL = 0;
				GCC_PREPROCESSOR_DEFINITIONS = (
					"DEBUG=1",
					"$(inherited)",
				);
				GCC_WARN_64_TO_32_BIT_CONVERSION = YES;
				GCC_WARN_ABOUT_RETURN_TYPE = YES_ERROR;
				GCC_WARN_UNDECLARED_SELECTOR = YES;
				GCC_WARN_UNINITIALIZED_AUTOS = YES_AGGRESSIVE;
				GCC_WARN_UNUSED_FUNCTION = YES;
				GCC_WARN_UNUSED_VARIABLE = YES;
				IPHONEOS_DEPLOYMENT_TARGET = 7.0;
				MTL_ENABLE_DEBUG_INFO = YES;
				ONLY_ACTIVE_ARCH = YES;
				SDKROOT = iphoneos;
			};
			name = Debug;
		};
		AEFBF9E91C5220BD003D55B2 /* Release */ = {
			isa = XCBuildConfiguration;
			buildSettings = {
				ALWAYS_SEARCH_USER_PATHS = NO;
				CLANG_CXX_LANGUAGE_STANDARD = "gnu++0x";
				CLANG_CXX_LIBRARY = "libc++";
				CLANG_ENABLE_MODULES = YES;
				CLANG_ENABLE_OBJC_ARC = YES;
				CLANG_WARN_BOOL_CONVERSION = YES;
				CLANG_WARN_CONSTANT_CONVERSION = YES;
				CLANG_WARN_DIRECT_OBJC_ISA_USAGE = YES_ERROR;
				CLANG_WARN_EMPTY_BODY = YES;
				CLANG_WARN_ENUM_CONVERSION = YES;
				CLANG_WARN_INT_CONVERSION = YES;
				CLANG_WARN_OBJC_ROOT_CLASS = YES_ERROR;
				CLANG_WARN_UNREACHABLE_CODE = YES;
				CLANG_WARN__DUPLICATE_METHOD_MATCH = YES;
				"CODE_SIGN_IDENTITY[sdk=iphoneos*]" = "iPhone Developer";
				COPY_PHASE_STRIP = NO;
				DEBUG_INFORMATION_FORMAT = "dwarf-with-dsym";
				ENABLE_NS_ASSERTIONS = NO;
				ENABLE_STRICT_OBJC_MSGSEND = YES;
				GCC_C_LANGUAGE_STANDARD = gnu99;
				GCC_NO_COMMON_BLOCKS = YES;
				GCC_WARN_64_TO_32_BIT_CONVERSION = YES;
				GCC_WARN_ABOUT_RETURN_TYPE = YES_ERROR;
				GCC_WARN_UNDECLARED_SELECTOR = YES;
				GCC_WARN_UNINITIALIZED_AUTOS = YES_AGGRESSIVE;
				GCC_WARN_UNUSED_FUNCTION = YES;
				GCC_WARN_UNUSED_VARIABLE = YES;
				IPHONEOS_DEPLOYMENT_TARGET = 7.0;
				MTL_ENABLE_DEBUG_INFO = NO;
				SDKROOT = iphoneos;
				VALIDATE_PRODUCT = YES;
			};
			name = Release;
		};
		AEFBF9EB1C5220BD003D55B2 /* Debug */ = {
			isa = XCBuildConfiguration;
			baseConfigurationReference = 115AA58BFF6F1FF2E1BE297A /* Pods.debug.xcconfig */;
			buildSettings = {
				ASSETCATALOG_COMPILER_APPICON_NAME = AppIcon;
				ASSETCATALOG_COMPILER_LAUNCHIMAGE_NAME = Launch;
				INFOPLIST_FILE = MMTB/Info.plist;
				LD_RUNPATH_SEARCH_PATHS = "$(inherited) @executable_path/Frameworks";
				PRODUCT_BUNDLE_IDENTIFIER = com.abnerh.MMTB;
				PRODUCT_NAME = "$(TARGET_NAME)";
			};
			name = Debug;
		};
		AEFBF9EC1C5220BD003D55B2 /* Release */ = {
			isa = XCBuildConfiguration;
			baseConfigurationReference = A0A4682EC964CAE6CCE45CBA /* Pods.release.xcconfig */;
			buildSettings = {
				ASSETCATALOG_COMPILER_APPICON_NAME = AppIcon;
				ASSETCATALOG_COMPILER_LAUNCHIMAGE_NAME = Launch;
				INFOPLIST_FILE = MMTB/Info.plist;
				LD_RUNPATH_SEARCH_PATHS = "$(inherited) @executable_path/Frameworks";
				PRODUCT_BUNDLE_IDENTIFIER = com.abnerh.MMTB;
				PRODUCT_NAME = "$(TARGET_NAME)";
			};
			name = Release;
		};
/* End XCBuildConfiguration section */

/* Begin XCConfigurationList section */
		AEFBF9CE1C5220BD003D55B2 /* Build configuration list for PBXProject "MMTB" */ = {
			isa = XCConfigurationList;
			buildConfigurations = (
				AEFBF9E81C5220BD003D55B2 /* Debug */,
				AEFBF9E91C5220BD003D55B2 /* Release */,
			);
			defaultConfigurationIsVisible = 0;
			defaultConfigurationName = Release;
		};
		AEFBF9EA1C5220BD003D55B2 /* Build configuration list for PBXNativeTarget "MMTB" */ = {
			isa = XCConfigurationList;
			buildConfigurations = (
				AEFBF9EB1C5220BD003D55B2 /* Debug */,
				AEFBF9EC1C5220BD003D55B2 /* Release */,
			);
			defaultConfigurationIsVisible = 0;
			defaultConfigurationName = Release;
		};
/* End XCConfigurationList section */
	};
	rootObject = AEFBF9CB1C5220BD003D55B2 /* Project object */;
}
